
Microsoft Visual Studio Solution File, Format Version 12.00
# Visual Studio 15
VisualStudioVersion = 15.0.28307.1062
MinimumVisualStudioVersion = 10.0.40219.1
Project("{FAE04EC0-301F-11D3-BF4B-00C04F79EFBC}") = "DAN_LVIII_Kristina_Garcia_Francisco", "DAN_LVIII_Kristina_Garcia_Francisco\DAN_LVIII_Kristina_Garcia_Francisco.csproj", "{A096B801-4527-4BD1-A8C0-02E5E9EE5170}"
EndProject
Global
	GlobalSection(SolutionConfigurationPlatforms) = preSolution
		Debug|Any CPU = Debug|Any CPU
		Release|Any CPU = Release|Any CPU
	EndGlobalSection
	GlobalSection(ProjectConfigurationPlatforms) = postSolution
		{A096B801-4527-4BD1-A8C0-02E5E9EE5170}.Debug|Any CPU.ActiveCfg = Debug|Any CPU
		{A096B801-4527-4BD1-A8C0-02E5E9EE5170}.Debug|Any CPU.Build.0 = Debug|Any CPU
		{A096B801-4527-4BD1-A8C0-02E5E9EE5170}.Release|Any CPU.ActiveCfg = Release|Any CPU
		{A096B801-4527-4BD1-A8C0-02E5E9EE5170}.Release|Any CPU.Build.0 = Release|Any CPU
	EndGlobalSection
	GlobalSection(SolutionProperties) = preSolution
		HideSolutionNode = FALSE
	EndGlobalSection
	GlobalSection(ExtensibilityGlobals) = postSolution
		SolutionGuid = {2BDF1DD4-2ECF-4426-ABEF-DB52124F2198}
	EndGlobalSection
EndGlobal
